
Microsoft Visual Studio Solution File, Format Version 12.00
# Visual Studio Version 17
VisualStudioVersion = 17.10.35013.160
MinimumVisualStudioVersion = 10.0.40219.1
Project("{FAE04EC0-301F-11D3-BF4B-00C04F79EFBC}") = "FlappyBirdVS", "FlappyBirdVS\FlappyBirdVS.csproj", "{D3C846C8-CBAC-4B8A-A2A5-6DFF047AD79A}"
EndProject
Global
	GlobalSection(SolutionConfigurationPlatforms) = preSolution
		Debug|Any CPU = Debug|Any CPU
		Release|Any CPU = Release|Any CPU
	EndGlobalSection
	GlobalSection(ProjectConfigurationPlatforms) = postSolution
		{D3C846C8-CBAC-4B8A-A2A5-6DFF047AD79A}.Debug|Any CPU.ActiveCfg = Debug|Any CPU
		{D3C846C8-CBAC-4B8A-A2A5-6DFF047AD79A}.Debug|Any CPU.Build.0 = Debug|Any CPU
		{D3C846C8-CBAC-4B8A-A2A5-6DFF047AD79A}.Release|Any CPU.ActiveCfg = Release|Any CPU
		{D3C846C8-CBAC-4B8A-A2A5-6DFF047AD79A}.Release|Any CPU.Build.0 = Release|Any CPU
	EndGlobalSection
	GlobalSection(SolutionProperties) = preSolution
		HideSolutionNode = FALSE
	EndGlobalSection
	GlobalSection(ExtensibilityGlobals) = postSolution
		SolutionGuid = {052E408C-D5E2-4B2E-BA53-1E07E2C4CBAA}
	EndGlobalSection
EndGlobal
